// !$*UTF8*$!
{
	archiveVersion = 1;
	classes = {
	};
	objectVersion = 46;
	objects = {

/* Begin PBXBuildFile section */
		E72E062B18EB24AC0082D173 /* Foundation.framework in Frameworks */ = {isa = PBXBuildFile; fileRef = E72E062A18EB24AC0082D173 /* Foundation.framework */; };
		E72E062D18EB24AC0082D173 /* CoreGraphics.framework in Frameworks */ = {isa = PBXBuildFile; fileRef = E72E062C18EB24AC0082D173 /* CoreGraphics.framework */; };
		E72E062F18EB24AC0082D173 /* UIKit.framework in Frameworks */ = {isa = PBXBuildFile; fileRef = E72E062E18EB24AC0082D173 /* UIKit.framework */; };
		E72E063518EB24AC0082D173 /* InfoPlist.strings in Resources */ = {isa = PBXBuildFile; fileRef = E72E063318EB24AC0082D173 /* InfoPlist.strings */; };
		E72E063718EB24AC0082D173 /* main.m in Sources */ = {isa = PBXBuildFile; fileRef = E72E063618EB24AC0082D173 /* main.m */; };
		E72E063B18EB24AC0082D173 /* AppDelegate.m in Sources */ = {isa = PBXBuildFile; fileRef = E72E063A18EB24AC0082D173 /* AppDelegate.m */; };
		E72E063E18EB24AC0082D173 /* Main.storyboard in Resources */ = {isa = PBXBuildFile; fileRef = E72E063C18EB24AC0082D173 /* Main.storyboard */; };
		E72E064118EB24AC0082D173 /* ViewController.m in Sources */ = {isa = PBXBuildFile; fileRef = E72E064018EB24AC0082D173 /* ViewController.m */; };
		E72E064318EB24AC0082D173 /* Images.xcassets in Resources */ = {isa = PBXBuildFile; fileRef = E72E064218EB24AC0082D173 /* Images.xcassets */; };
		E72E064A18EB24AC0082D173 /* XCTest.framework in Frameworks */ = {isa = PBXBuildFile; fileRef = E72E064918EB24AC0082D173 /* XCTest.framework */; };
		E72E064B18EB24AC0082D173 /* Foundation.framework in Frameworks */ = {isa = PBXBuildFile; fileRef = E72E062A18EB24AC0082D173 /* Foundation.framework */; };
		E72E064C18EB24AC0082D173 /* UIKit.framework in Frameworks */ = {isa = PBXBuildFile; fileRef = E72E062E18EB24AC0082D173 /* UIKit.framework */; };
		E72E06A518EB34C90082D173 /* ColorCell.m in Sources */ = {isa = PBXBuildFile; fileRef = E72E06A418EB34C90082D173 /* ColorCell.m */; };
		E72E06AB18EB53160082D173 /* UIColor+Additions.m in Sources */ = {isa = PBXBuildFile; fileRef = E72E06AA18EB53160082D173 /* UIColor+Additions.m */; };
		E75270A318EB753D009E6B8A /* ASEcolorWriter.m in Sources */ = {isa = PBXBuildFile; fileRef = E75270A218EB753D009E6B8A /* ASEcolorWriter.m */; };
/* End PBXBuildFile section */

/* Begin PBXContainerItemProxy section */
		E72E064D18EB24AC0082D173 /* PBXContainerItemProxy */ = {
			isa = PBXContainerItemProxy;
			containerPortal = E72E061F18EB24AC0082D173 /* Project object */;
			proxyType = 1;
			remoteGlobalIDString = E72E062618EB24AC0082D173;
			remoteInfo = ColorWriterExample;
		};
/* End PBXContainerItemProxy section */

/* Begin PBXFileReference section */
		E72E062718EB24AC0082D173 /* ColorWriterExample.app */ = {isa = PBXFileReference; explicitFileType = wrapper.application; includeInIndex = 0; path = ColorWriterExample.app; sourceTree = BUILT_PRODUCTS_DIR; };
		E72E062A18EB24AC0082D173 /* Foundation.framework */ = {isa = PBXFileReference; lastKnownFileType = wrapper.framework; name = Foundation.framework; path = System/Library/Frameworks/Foundation.framework; sourceTree = SDKROOT; };
		E72E062C18EB24AC0082D173 /* CoreGraphics.framework */ = {isa = PBXFileReference; lastKnownFileType = wrapper.framework; name = CoreGraphics.framework; path = System/Library/Frameworks/CoreGraphics.framework; sourceTree = SDKROOT; };
		E72E062E18EB24AC0082D173 /* UIKit.framework */ = {isa = PBXFileReference; lastKnownFileType = wrapper.framework; name = UIKit.framework; path = System/Library/Frameworks/UIKit.framework; sourceTree = SDKROOT; };
		E72E063218EB24AC0082D173 /* ColorWriterExample-Info.plist */ = {isa = PBXFileReference; lastKnownFileType = text.plist.xml; path = "ColorWriterExample-Info.plist"; sourceTree = "<group>"; };
		E72E063418EB24AC0082D173 /* en */ = {isa = PBXFileReference; lastKnownFileType = text.plist.strings; name = en; path = en.lproj/InfoPlist.strings; sourceTree = "<group>"; };
		E72E063618EB24AC0082D173 /* main.m */ = {isa = PBXFileReference; lastKnownFileType = sourcecode.c.objc; path = main.m; sourceTree = "<group>"; };
		E72E063818EB24AC0082D173 /* ColorWriterExample-Prefix.pch */ = {isa = PBXFileReference; lastKnownFileType = sourcecode.c.h; path = "ColorWriterExample-Prefix.pch"; sourceTree = "<group>"; };
		E72E063918EB24AC0082D173 /* AppDelegate.h */ = {isa = PBXFileReference; lastKnownFileType = sourcecode.c.h; path = AppDelegate.h; sourceTree = "<group>"; };
		E72E063A18EB24AC0082D173 /* AppDelegate.m */ = {isa = PBXFileReference; lastKnownFileType = sourcecode.c.objc; path = AppDelegate.m; sourceTree = "<group>"; };
		E72E063D18EB24AC0082D173 /* Base */ = {isa = PBXFileReference; lastKnownFileType = file.storyboard; name = Base; path = Base.lproj/Main.storyboard; sourceTree = "<group>"; };
		E72E063F18EB24AC0082D173 /* ViewController.h */ = {isa = PBXFileReference; lastKnownFileType = sourcecode.c.h; path = ViewController.h; sourceTree = "<group>"; };
		E72E064018EB24AC0082D173 /* ViewController.m */ = {isa = PBXFileReference; lastKnownFileType = sourcecode.c.objc; path = ViewController.m; sourceTree = "<group>"; };
		E72E064218EB24AC0082D173 /* Images.xcassets */ = {isa = PBXFileReference; lastKnownFileType = folder.assetcatalog; path = Images.xcassets; sourceTree = "<group>"; };
		E72E064818EB24AC0082D173 /* ColorWriterExampleTests.xctest */ = {isa = PBXFileReference; explicitFileType = wrapper.cfbundle; includeInIndex = 0; path = ColorWriterExampleTests.xctest; sourceTree = BUILT_PRODUCTS_DIR; };
		E72E064918EB24AC0082D173 /* XCTest.framework */ = {isa = PBXFileReference; lastKnownFileType = wrapper.framework; name = XCTest.framework; path = Library/Frameworks/XCTest.framework; sourceTree = DEVELOPER_DIR; };
		E72E06A318EB34C90082D173 /* ColorCell.h */ = {isa = PBXFileReference; fileEncoding = 4; lastKnownFileType = sourcecode.c.h; path = ColorCell.h; sourceTree = "<group>"; };
		E72E06A418EB34C90082D173 /* ColorCell.m */ = {isa = PBXFileReference; fileEncoding = 4; lastKnownFileType = sourcecode.c.objc; path = ColorCell.m; sourceTree = "<group>"; };
		E72E06A918EB53160082D173 /* UIColor+Additions.h */ = {isa = PBXFileReference; fileEncoding = 4; lastKnownFileType = sourcecode.c.h; path = "UIColor+Additions.h"; sourceTree = "<group>"; };
		E72E06AA18EB53160082D173 /* UIColor+Additions.m */ = {isa = PBXFileReference; fileEncoding = 4; lastKnownFileType = sourcecode.c.objc; path = "UIColor+Additions.m"; sourceTree = "<group>"; };
		E75270A118EB753D009E6B8A /* ASEcolorWriter.h */ = {isa = PBXFileReference; fileEncoding = 4; lastKnownFileType = sourcecode.c.h; path = ASEcolorWriter.h; sourceTree = "<group>"; };
		E75270A218EB753D009E6B8A /* ASEcolorWriter.m */ = {isa = PBXFileReference; fileEncoding = 4; lastKnownFileType = sourcecode.c.objc; path = ASEcolorWriter.m; sourceTree = "<group>"; };
/* End PBXFileReference section */

/* Begin PBXFrameworksBuildPhase section */
		E72E062418EB24AC0082D173 /* Frameworks */ = {
			isa = PBXFrameworksBuildPhase;
			buildActionMask = 2147483647;
			files = (
				E72E062D18EB24AC0082D173 /* CoreGraphics.framework in Frameworks */,
				E72E062F18EB24AC0082D173 /* UIKit.framework in Frameworks */,
				E72E062B18EB24AC0082D173 /* Foundation.framework in Frameworks */,
			);
			runOnlyForDeploymentPostprocessing = 0;
		};
		E72E064518EB24AC0082D173 /* Frameworks */ = {
			isa = PBXFrameworksBuildPhase;
			buildActionMask = 2147483647;
			files = (
				E72E064A18EB24AC0082D173 /* XCTest.framework in Frameworks */,
				E72E064C18EB24AC0082D173 /* UIKit.framework in Frameworks */,
				E72E064B18EB24AC0082D173 /* Foundation.framework in Frameworks */,
			);
			runOnlyForDeploymentPostprocessing = 0;
		};
/* End PBXFrameworksBuildPhase section */

/* Begin PBXGroup section */
		E72E061E18EB24AC0082D173 = {
			isa = PBXGroup;
			children = (
				E72E063018EB24AC0082D173 /* ColorWriterExample */,
				E752709F18EB7517009E6B8A /* Vendor */,
				E72E062918EB24AC0082D173 /* Frameworks */,
				E72E062818EB24AC0082D173 /* Products */,
			);
			sourceTree = "<group>";
		};
		E72E062818EB24AC0082D173 /* Products */ = {
			isa = PBXGroup;
			children = (
				E72E062718EB24AC0082D173 /* ColorWriterExample.app */,
				E72E064818EB24AC0082D173 /* ColorWriterExampleTests.xctest */,
			);
			name = Products;
			sourceTree = "<group>";
		};
		E72E062918EB24AC0082D173 /* Frameworks */ = {
			isa = PBXGroup;
			children = (
				E72E062A18EB24AC0082D173 /* Foundation.framework */,
				E72E062C18EB24AC0082D173 /* CoreGraphics.framework */,
				E72E062E18EB24AC0082D173 /* UIKit.framework */,
				E72E064918EB24AC0082D173 /* XCTest.framework */,
			);
			name = Frameworks;
			sourceTree = "<group>";
		};
		E72E063018EB24AC0082D173 /* ColorWriterExample */ = {
			isa = PBXGroup;
			children = (
				E72E063C18EB24AC0082D173 /* Main.storyboard */,
				E72E063918EB24AC0082D173 /* AppDelegate.h */,
				E72E063A18EB24AC0082D173 /* AppDelegate.m */,
				E72E063F18EB24AC0082D173 /* ViewController.h */,
				E72E064018EB24AC0082D173 /* ViewController.m */,
				E72E06A318EB34C90082D173 /* ColorCell.h */,
				E72E06A418EB34C90082D173 /* ColorCell.m */,
				E72E06A918EB53160082D173 /* UIColor+Additions.h */,
				E72E06AA18EB53160082D173 /* UIColor+Additions.m */,
				E72E064218EB24AC0082D173 /* Images.xcassets */,
				E72E063118EB24AC0082D173 /* Supporting Files */,
			);
			path = ColorWriterExample;
			sourceTree = "<group>";
		};
		E72E063118EB24AC0082D173 /* Supporting Files */ = {
			isa = PBXGroup;
			children = (
				E72E063218EB24AC0082D173 /* ColorWriterExample-Info.plist */,
				E72E063318EB24AC0082D173 /* InfoPlist.strings */,
				E72E063618EB24AC0082D173 /* main.m */,
				E72E063818EB24AC0082D173 /* ColorWriterExample-Prefix.pch */,
			);
			name = "Supporting Files";
			sourceTree = "<group>";
		};
		E752709F18EB7517009E6B8A /* Vendor */ = {
			isa = PBXGroup;
			children = (
				E75270A018EB753D009E6B8A /* ASEcolorWriter */,
			);
			name = Vendor;
			sourceTree = "<group>";
		};
		E75270A018EB753D009E6B8A /* ASEcolorWriter */ = {
			isa = PBXGroup;
			children = (
				E75270A118EB753D009E6B8A /* ASEcolorWriter.h */,
				E75270A218EB753D009E6B8A /* ASEcolorWriter.m */,
			);
			name = ASEcolorWriter;
			path = ../ASEcolorWriter;
			sourceTree = "<group>";
		};
/* End PBXGroup section */

/* Begin PBXNativeTarget section */
		E72E062618EB24AC0082D173 /* ColorWriterExample */ = {
			isa = PBXNativeTarget;
			buildConfigurationList = E72E065918EB24AC0082D173 /* Build configuration list for PBXNativeTarget "ColorWriterExample" */;
			buildPhases = (
				E72E062318EB24AC0082D173 /* Sources */,
				E72E062418EB24AC0082D173 /* Frameworks */,
				E72E062518EB24AC0082D173 /* Resources */,
			);
			buildRules = (
			);
			dependencies = (
			);
			name = ColorWriterExample;
			productName = ColorWriterExample;
			productReference = E72E062718EB24AC0082D173 /* ColorWriterExample.app */;
			productType = "com.apple.product-type.application";
		};
		E72E064718EB24AC0082D173 /* ColorWriterExampleTests */ = {
			isa = PBXNativeTarget;
			buildConfigurationList = E72E065C18EB24AC0082D173 /* Build configuration list for PBXNativeTarget "ColorWriterExampleTests" */;
			buildPhases = (
				E72E064418EB24AC0082D173 /* Sources */,
				E72E064518EB24AC0082D173 /* Frameworks */,
				E72E064618EB24AC0082D173 /* Resources */,
			);
			buildRules = (
			);
			dependencies = (
				E72E064E18EB24AC0082D173 /* PBXTargetDependency */,
			);
			name = ColorWriterExampleTests;
			productName = ColorWriterExampleTests;
			productReference = E72E064818EB24AC0082D173 /* ColorWriterExampleTests.xctest */;
			productType = "com.apple.product-type.bundle.unit-test";
		};
/* End PBXNativeTarget section */

/* Begin PBXProject section */
		E72E061F18EB24AC0082D173 /* Project object */ = {
			isa = PBXProject;
			attributes = {
				LastUpgradeCheck = 0510;
				ORGANIZATIONNAME = "Alan Skipp";
				TargetAttributes = {
					E72E064718EB24AC0082D173 = {
						TestTargetID = E72E062618EB24AC0082D173;
					};
				};
			};
			buildConfigurationList = E72E062218EB24AC0082D173 /* Build configuration list for PBXProject "ColorWriterExample" */;
			compatibilityVersion = "Xcode 3.2";
			developmentRegion = English;
			hasScannedForEncodings = 0;
			knownRegions = (
				en,
				Base,
			);
			mainGroup = E72E061E18EB24AC0082D173;
			productRefGroup = E72E062818EB24AC0082D173 /* Products */;
			projectDirPath = "";
			projectRoot = "";
			targets = (
				E72E062618EB24AC0082D173 /* ColorWriterExample */,
				E72E064718EB24AC0082D173 /* ColorWriterExampleTests */,
			);
		};
/* End PBXProject section */

/* Begin PBXResourcesBuildPhase section */
		E72E062518EB24AC0082D173 /* Resources */ = {
			isa = PBXResourcesBuildPhase;
			buildActionMask = 2147483647;
			files = (
				E72E064318EB24AC0082D173 /* Images.xcassets in Resources */,
				E72E063518EB24AC0082D173 /* InfoPlist.strings in Resources */,
				E72E063E18EB24AC0082D173 /* Main.storyboard in Resources */,
			);
			runOnlyForDeploymentPostprocessing = 0;
		};
		E72E064618EB24AC0082D173 /* Resources */ = {
			isa = PBXResourcesBuildPhase;
			buildActionMask = 2147483647;
			files = (
			);
			runOnlyForDeploymentPostprocessing = 0;
		};
/* End PBXResourcesBuildPhase section */

/* Begin PBXSourcesBuildPhase section */
		E72E062318EB24AC0082D173 /* Sources */ = {
			isa = PBXSourcesBuildPhase;
			buildActionMask = 2147483647;
			files = (
				E72E06AB18EB53160082D173 /* UIColor+Additions.m in Sources */,
				E72E064118EB24AC0082D173 /* ViewController.m in Sources */,
				E72E06A518EB34C90082D173 /* ColorCell.m in Sources */,
				E72E063B18EB24AC0082D173 /* AppDelegate.m in Sources */,
				E75270A318EB753D009E6B8A /* ASEcolorWriter.m in Sources */,
				E72E063718EB24AC0082D173 /* main.m in Sources */,
			);
			runOnlyForDeploymentPostprocessing = 0;
		};
		E72E064418EB24AC0082D173 /* Sources */ = {
			isa = PBXSourcesBuildPhase;
			buildActionMask = 2147483647;
			files = (
			);
			runOnlyForDeploymentPostprocessing = 0;
		};
/* End PBXSourcesBuildPhase section */

/* Begin PBXTargetDependency section */
		E72E064E18EB24AC0082D173 /* PBXTargetDependency */ = {
			isa = PBXTargetDependency;
			target = E72E062618EB24AC0082D173 /* ColorWriterExample */;
			targetProxy = E72E064D18EB24AC0082D173 /* PBXContainerItemProxy */;
		};
/* End PBXTargetDependency section */

/* Begin PBXVariantGroup section */
		E72E063318EB24AC0082D173 /* InfoPlist.strings */ = {
			isa = PBXVariantGroup;
			children = (
				E72E063418EB24AC0082D173 /* en */,
			);
			name = InfoPlist.strings;
			sourceTree = "<group>";
		};
		E72E063C18EB24AC0082D173 /* Main.storyboard */ = {
			isa = PBXVariantGroup;
			children = (
				E72E063D18EB24AC0082D173 /* Base */,
			);
			name = Main.storyboard;
			sourceTree = "<group>";
		};
/* End PBXVariantGroup section */

/* Begin XCBuildConfiguration section */
		E72E065718EB24AC0082D173 /* Debug */ = {
			isa = XCBuildConfiguration;
			buildSettings = {
				ALWAYS_SEARCH_USER_PATHS = NO;
				CLANG_CXX_LANGUAGE_STANDARD = "gnu++0x";
				CLANG_CXX_LIBRARY = "libc++";
				CLANG_ENABLE_MODULES = YES;
				CLANG_ENABLE_OBJC_ARC = YES;
				CLANG_WARN_BOOL_CONVERSION = YES;
				CLANG_WARN_CONSTANT_CONVERSION = YES;
				CLANG_WARN_DIRECT_OBJC_ISA_USAGE = YES_ERROR;
				CLANG_WARN_EMPTY_BODY = YES;
				CLANG_WARN_ENUM_CONVERSION = YES;
				CLANG_WARN_INT_CONVERSION = YES;
				CLANG_WARN_OBJC_ROOT_CLASS = YES_ERROR;
				CLANG_WARN__DUPLICATE_METHOD_MATCH = YES;
				"CODE_SIGN_IDENTITY[sdk=iphoneos*]" = "iPhone Developer";
				COPY_PHASE_STRIP = NO;
				GCC_C_LANGUAGE_STANDARD = gnu99;
				GCC_DYNAMIC_NO_PIC = NO;
				GCC_OPTIMIZATION_LEVEL = 0;
				GCC_PREPROCESSOR_DEFINITIONS = (
					"DEBUG=1",
					"$(inherited)",
				);
				GCC_SYMBOLS_PRIVATE_EXTERN = NO;
				GCC_WARN_64_TO_32_BIT_CONVERSION = YES;
				GCC_WARN_ABOUT_RETURN_TYPE = YES_ERROR;
				GCC_WARN_UNDECLARED_SELECTOR = YES;
				GCC_WARN_UNINITIALIZED_AUTOS = YES_AGGRESSIVE;
				GCC_WARN_UNUSED_FUNCTION = YES;
				GCC_WARN_UNUSED_VARIABLE = YES;
				IPHONEOS_DEPLOYMENT_TARGET = 7.1;
				ONLY_ACTIVE_ARCH = YES;
				SDKROOT = iphoneos;
			};
			name = Debug;
		};
		E72E065818EB24AC0082D173 /* Release */ = {
			isa = XCBuildConfiguration;
			buildSettings = {
				ALWAYS_SEARCH_USER_PATHS = NO;
				CLANG_CXX_LANGUAGE_STANDARD = "gnu++0x";
				CLANG_CXX_LIBRARY = "libc++";
				CLANG_ENABLE_MODULES = YES;
				CLANG_ENABLE_OBJC_ARC = YES;
				CLANG_WARN_BOOL_CONVERSION = YES;
				CLANG_WARN_CONSTANT_CONVERSION = YES;
				CLANG_WARN_DIRECT_OBJC_ISA_USAGE = YES_ERROR;
				CLANG_WARN_EMPTY_BODY = YES;
				CLANG_WARN_ENUM_CONVERSION = YES;
				CLANG_WARN_INT_CONVERSION = YES;
				CLANG_WARN_OBJC_ROOT_CLASS = YES_ERROR;
				CLANG_WARN__DUPLICATE_METHOD_MATCH = YES;
				"CODE_SIGN_IDENTITY[sdk=iphoneos*]" = "iPhone Developer";
				COPY_PHASE_STRIP = YES;
				ENABLE_NS_ASSERTIONS = NO;
				GCC_C_LANGUAGE_STANDARD = gnu99;
				GCC_WARN_64_TO_32_BIT_CONVERSION = YES;
				GCC_WARN_ABOUT_RETURN_TYPE = YES_ERROR;
				GCC_WARN_UNDECLARED_SELECTOR = YES;
				GCC_WARN_UNINITIALIZED_AUTOS = YES_AGGRESSIVE;
				GCC_WARN_UNUSED_FUNCTION = YES;
				GCC_WARN_UNUSED_VARIABLE = YES;
				IPHONEOS_DEPLOYMENT_TARGET = 7.1;
				SDKROOT = iphoneos;
				VALIDATE_PRODUCT = YES;
			};
			name = Release;
		};
		E72E065A18EB24AC0082D173 /* Debug */ = {
			isa = XCBuildConfiguration;
			buildSettings = {
				ASSETCATALOG_COMPILER_APPICON_NAME = AppIcon;
				ASSETCATALOG_COMPILER_LAUNCHIMAGE_NAME = LaunchImage;
				GCC_PRECOMPILE_PREFIX_HEADER = YES;
				GCC_PREFIX_HEADER = "ColorWriterExample/ColorWriterExample-Prefix.pch";
				INFOPLIST_FILE = "ColorWriterExample/ColorWriterExample-Info.plist";
				PRODUCT_NAME = "$(TARGET_NAME)";
				WRAPPER_EXTENSION = app;
			};
			name = Debug;
		};
		E72E065B18EB24AC0082D173 /* Release */ = {
			isa = XCBuildConfiguration;
			buildSettings = {
				ASSETCATALOG_COMPILER_APPICON_NAME = AppIcon;
				ASSETCATALOG_COMPILER_LAUNCHIMAGE_NAME = LaunchImage;
				GCC_PRECOMPILE_PREFIX_HEADER = YES;
				GCC_PREFIX_HEADER = "ColorWriterExample/ColorWriterExample-Prefix.pch";
				INFOPLIST_FILE = "ColorWriterExample/ColorWriterExample-Info.plist";
				PRODUCT_NAME = "$(TARGET_NAME)";
				WRAPPER_EXTENSION = app;
			};
			name = Release;
		};
		E72E065D18EB24AC0082D173 /* Debug */ = {
			isa = XCBuildConfiguration;
			buildSettings = {
				BUNDLE_LOADER = "$(BUILT_PRODUCTS_DIR)/ColorWriterExample.app/ColorWriterExample";
				FRAMEWORK_SEARCH_PATHS = (
					"$(SDKROOT)/Developer/Library/Frameworks",
					"$(inherited)",
					"$(DEVELOPER_FRAMEWORKS_DIR)",
				);
				GCC_PRECOMPILE_PREFIX_HEADER = YES;
				GCC_PREFIX_HEADER = "ColorWriterExample/ColorWriterExample-Prefix.pch";
				GCC_PREPROCESSOR_DEFINITIONS = (
					"DEBUG=1",
					"$(inherited)",
				);
				INFOPLIST_FILE = "ColorWriterExampleTests/ColorWriterExampleTests-Info.plist";
				PRODUCT_NAME = "$(TARGET_NAME)";
				TEST_HOST = "$(BUNDLE_LOADER)";
				WRAPPER_EXTENSION = xctest;
			};
			name = Debug;
		};
		E72E065E18EB24AC0082D173 /* Release */ = {
			isa = XCBuildConfiguration;
			buildSettings = {
				BUNDLE_LOADER = "$(BUILT_PRODUCTS_DIR)/ColorWriterExample.app/ColorWriterExample";
				FRAMEWORK_SEARCH_PATHS = (
					"$(SDKROOT)/Developer/Library/Frameworks",
					"$(inherited)",
					"$(DEVELOPER_FRAMEWORKS_DIR)",
				);
				GCC_PRECOMPILE_PREFIX_HEADER = YES;
				GCC_PREFIX_HEADER = "ColorWriterExample/ColorWriterExample-Prefix.pch";
				INFOPLIST_FILE = "ColorWriterExampleTests/ColorWriterExampleTests-Info.plist";
				PRODUCT_NAME = "$(TARGET_NAME)";
				TEST_HOST = "$(BUNDLE_LOADER)";
				WRAPPER_EXTENSION = xctest;
			};
			name = Release;
		};
/* End XCBuildConfiguration section */

/* Begin XCConfigurationList section */
		E72E062218EB24AC0082D173 /* Build configuration list for PBXProject "ColorWriterExample" */ = {
			isa = XCConfigurationList;
			buildConfigurations = (
				E72E065718EB24AC0082D173 /* Debug */,
				E72E065818EB24AC0082D173 /* Release */,
			);
			defaultConfigurationIsVisible = 0;
			defaultConfigurationName = Release;
		};
		E72E065918EB24AC0082D173 /* Build configuration list for PBXNativeTarget "ColorWriterExample" */ = {
			isa = XCConfigurationList;
			buildConfigurations = (
				E72E065A18EB24AC0082D173 /* Debug */,
				E72E065B18EB24AC0082D173 /* Release */,
			);
			defaultConfigurationIsVisible = 0;
			defaultConfigurationName = Release;
		};
		E72E065C18EB24AC0082D173 /* Build configuration list for PBXNativeTarget "ColorWriterExampleTests" */ = {
			isa = XCConfigurationList;
			buildConfigurations = (
				E72E065D18EB24AC0082D173 /* Debug */,
				E72E065E18EB24AC0082D173 /* Release */,
			);
			defaultConfigurationIsVisible = 0;
			defaultConfigurationName = Release;
		};
/* End XCConfigurationList section */
	};
	rootObject = E72E061F18EB24AC0082D173 /* Project object */;
}
